
Microsoft Visual Studio Solution File, Format Version 12.00
# Visual Studio Version 17
VisualStudioVersion = 17.9.34607.119
MinimumVisualStudioVersion = 10.0.40219.1
Project("{FAE04EC0-301F-11D3-BF4B-00C04F79EFBC}") = "MauiApp3", "MauiApp3\MauiApp3.csproj", "{C86A4893-C212-4D17-AEA1-C4A3A329217A}"
EndProject
Global
	GlobalSection(SolutionConfigurationPlatforms) = preSolution
		Debug|Any CPU = Debug|Any CPU
		Release|Any CPU = Release|Any CPU
	EndGlobalSection
	GlobalSection(ProjectConfigurationPlatforms) = postSolution
		{C86A4893-C212-4D17-AEA1-C4A3A329217A}.Debug|Any CPU.ActiveCfg = Debug|Any CPU
		{C86A4893-C212-4D17-AEA1-C4A3A329217A}.Debug|Any CPU.Build.0 = Debug|Any CPU
		{C86A4893-C212-4D17-AEA1-C4A3A329217A}.Debug|Any CPU.Deploy.0 = Debug|Any CPU
		{C86A4893-C212-4D17-AEA1-C4A3A329217A}.Release|Any CPU.ActiveCfg = Release|Any CPU
		{C86A4893-C212-4D17-AEA1-C4A3A329217A}.Release|Any CPU.Build.0 = Release|Any CPU
		{C86A4893-C212-4D17-AEA1-C4A3A329217A}.Release|Any CPU.Deploy.0 = Release|Any CPU
	EndGlobalSection
	GlobalSection(SolutionProperties) = preSolution
		HideSolutionNode = FALSE
	EndGlobalSection
	GlobalSection(ExtensibilityGlobals) = postSolution
		SolutionGuid = {9D6FF90C-4977-4890-80B0-ED7A38381EAF}
	EndGlobalSection
EndGlobal
